{
  "name": "redcap-image-annotator",
  "lockfileVersion": 2,
  "requires": true,
  "packages": {
    "": {
      "dependencies": {
        "markerjs2": "^2.17.1"
      }
    },
    "node_modules/markerjs2": {
      "version": "2.17.1",
      "resolved": "https://registry.npmjs.org/markerjs2/-/markerjs2-2.17.1.tgz",
      "integrity": "sha512-91Knai54dDubdTa23toH/RztRferSi3K/F21rARL2AWO+iCmcZZSnKYpIXHH5iXPaobKZFbzbgsMCVsVbICMVg=="
    }
  },
  "dependencies": {
    "markerjs2": {
      "version": "2.17.1",
      "resolved": "https://registry.npmjs.org/markerjs2/-/markerjs2-2.17.1.tgz",
      "integrity": "sha512-91Knai54dDubdTa23toH/RztRferSi3K/F21rARL2AWO+iCmcZZSnKYpIXHH5iXPaobKZFbzbgsMCVsVbICMVg=="
    }
  }
}
